{
  "object": {
    "pins": [
      {
        "package": "ACBClientSDK",
        "repositoryURL": "https://github.com/cbajapan/acb-client-sdk.git",
        "state": {
          "branch": null,
          "revision": "63d213aa561ed2222331ff73e5c4cee53dfa3c0a",
          "version": "3.4.0"
        }
      }
    ]
  },
  "version": 1
}
