{
  "object": {
    "pins": [
      {
        "package": "ACBClientSDK",
        "repositoryURL": "https://github.com/cbajapan/acb-client-sdk.git",
        "state": {
          "branch": null,
          "revision": "6a5e1563b7997e244461fc8c2d2a1d85fbd05b2d",
          "version": "3.4.3"
        }
      }
    ]
  },
  "version": 1
}
