{
  "object": {
    "pins": [
      {
        "package": "ACBClientSDK",
        "repositoryURL": "https://github.com/cbajapan/acb-client-sdk.git",
        "state": {
          "branch": null,
          "revision": "b075428a95a2cc94d28733bd9a07709b7503f728",
          "version": "3.3.22-rc.1.2"
        }
      }
    ]
  },
  "version": 1
}
